
Microsoft Visual Studio Solution File, Format Version 12.00
# Visual Studio Version 17
VisualStudioVersion = 17.10.35122.118
MinimumVisualStudioVersion = 10.0.40219.1
Project("{FAE04EC0-301F-11D3-BF4B-00C04F79EFBC}") = "NetflixClone", "NetflixClone.csproj", "{92E81D6C-44DE-45E1-A30E-D5DC77E40B6D}"
EndProject
Global
	GlobalSection(SolutionConfigurationPlatforms) = preSolution
		Debug|Any CPU = Debug|Any CPU
		Release|Any CPU = Release|Any CPU
	EndGlobalSection
	GlobalSection(ProjectConfigurationPlatforms) = postSolution
		{92E81D6C-44DE-45E1-A30E-D5DC77E40B6D}.Debug|Any CPU.ActiveCfg = Debug|Any CPU
		{92E81D6C-44DE-45E1-A30E-D5DC77E40B6D}.Debug|Any CPU.Build.0 = Debug|Any CPU
		{92E81D6C-44DE-45E1-A30E-D5DC77E40B6D}.Release|Any CPU.ActiveCfg = Release|Any CPU
		{92E81D6C-44DE-45E1-A30E-D5DC77E40B6D}.Release|Any CPU.Build.0 = Release|Any CPU
	EndGlobalSection
	GlobalSection(SolutionProperties) = preSolution
		HideSolutionNode = FALSE
	EndGlobalSection
	GlobalSection(ExtensibilityGlobals) = postSolution
		SolutionGuid = {A296DED7-CB49-456F-B055-DE5246D28221}
	EndGlobalSection
EndGlobal
